// !$*UTF8*$!
{
	archiveVersion = 1;
	classes = {
	};
	objectVersion = 46;
	objects = {

/* Begin PBXBuildFile section */
		2429E8A814F43E10009662F3 /* UIKit.framework in Frameworks */ = {isa = PBXBuildFile; fileRef = 2429E8A714F43E10009662F3 /* UIKit.framework */; };
		2429E8AA14F43E10009662F3 /* Foundation.framework in Frameworks */ = {isa = PBXBuildFile; fileRef = 2429E8A914F43E10009662F3 /* Foundation.framework */; };
		2429E8AC14F43E10009662F3 /* CoreGraphics.framework in Frameworks */ = {isa = PBXBuildFile; fileRef = 2429E8AB14F43E10009662F3 /* CoreGraphics.framework */; };
		2429E8B214F43E10009662F3 /* InfoPlist.strings in Resources */ = {isa = PBXBuildFile; fileRef = 2429E8B014F43E10009662F3 /* InfoPlist.strings */; };
		2429E8B414F43E10009662F3 /* main.m in Sources */ = {isa = PBXBuildFile; fileRef = 2429E8B314F43E10009662F3 /* main.m */; };
		2429E8B814F43E10009662F3 /* WisercatAppDelegate.m in Sources */ = {isa = PBXBuildFile; fileRef = 2429E8B714F43E10009662F3 /* WisercatAppDelegate.m */; };
		2429E8BB14F43E10009662F3 /* MainStoryboard.storyboard in Resources */ = {isa = PBXBuildFile; fileRef = 2429E8B914F43E10009662F3 /* MainStoryboard.storyboard */; };
		2429E8BE14F43E10009662F3 /* WisercatViewController.m in Sources */ = {isa = PBXBuildFile; fileRef = 2429E8BD14F43E10009662F3 /* WisercatViewController.m */; };
		2429E8C614F43E10009662F3 /* SenTestingKit.framework in Frameworks */ = {isa = PBXBuildFile; fileRef = 2429E8C514F43E10009662F3 /* SenTestingKit.framework */; };
		2429E8C714F43E10009662F3 /* UIKit.framework in Frameworks */ = {isa = PBXBuildFile; fileRef = 2429E8A714F43E10009662F3 /* UIKit.framework */; };
		2429E8C814F43E10009662F3 /* Foundation.framework in Frameworks */ = {isa = PBXBuildFile; fileRef = 2429E8A914F43E10009662F3 /* Foundation.framework */; };
		2429E8D014F43E10009662F3 /* InfoPlist.strings in Resources */ = {isa = PBXBuildFile; fileRef = 2429E8CE14F43E10009662F3 /* InfoPlist.strings */; };
		2429E8D314F43E10009662F3 /* WisercatAppTests.m in Sources */ = {isa = PBXBuildFile; fileRef = 2429E8D214F43E10009662F3 /* WisercatAppTests.m */; };
		2429E8DE14F4402F009662F3 /* MainScreenViewController.m in Sources */ = {isa = PBXBuildFile; fileRef = 2429E8DD14F4402F009662F3 /* MainScreenViewController.m */; };
		2429E8E414F441A1009662F3 /* GoogleMapViewController.m in Sources */ = {isa = PBXBuildFile; fileRef = 2429E8E314F441A1009662F3 /* GoogleMapViewController.m */; };
		2429E8E914F44572009662F3 /* MapKit.framework in Frameworks */ = {isa = PBXBuildFile; fileRef = 2429E8E714F444A2009662F3 /* MapKit.framework */; };
		2429E8EA14F4457B009662F3 /* CoreLocation.framework in Frameworks */ = {isa = PBXBuildFile; fileRef = 2429E8E514F44372009662F3 /* CoreLocation.framework */; };
		247133C714F44BA800576686 /* MapViewAnnotaion.m in Sources */ = {isa = PBXBuildFile; fileRef = 247133C614F44BA800576686 /* MapViewAnnotaion.m */; };
		247F486015024B3300D7DC4A /* SystemConfiguration.framework in Frameworks */ = {isa = PBXBuildFile; fileRef = 247F485D15024B2900D7DC4A /* SystemConfiguration.framework */; };
		247F48641502516F00D7DC4A /* Reachability.m in Sources */ = {isa = PBXBuildFile; fileRef = 247F48631502516F00D7DC4A /* Reachability.m */; settings = {COMPILER_FLAGS = "-fno-objc-arc"; }; };
/* End PBXBuildFile section */

/* Begin PBXContainerItemProxy section */
		2429E8C914F43E10009662F3 /* PBXContainerItemProxy */ = {
			isa = PBXContainerItemProxy;
			containerPortal = 2429E89A14F43E10009662F3 /* Project object */;
			proxyType = 1;
			remoteGlobalIDString = 2429E8A214F43E10009662F3;
			remoteInfo = WisercatApp;
		};
/* End PBXContainerItemProxy section */

/* Begin PBXFileReference section */
		2429E8A314F43E10009662F3 /* WisercatApp.app */ = {isa = PBXFileReference; explicitFileType = wrapper.application; includeInIndex = 0; path = WisercatApp.app; sourceTree = BUILT_PRODUCTS_DIR; };
		2429E8A714F43E10009662F3 /* UIKit.framework */ = {isa = PBXFileReference; lastKnownFileType = wrapper.framework; name = UIKit.framework; path = System/Library/Frameworks/UIKit.framework; sourceTree = SDKROOT; };
		2429E8A914F43E10009662F3 /* Foundation.framework */ = {isa = PBXFileReference; lastKnownFileType = wrapper.framework; name = Foundation.framework; path = System/Library/Frameworks/Foundation.framework; sourceTree = SDKROOT; };
		2429E8AB14F43E10009662F3 /* CoreGraphics.framework */ = {isa = PBXFileReference; lastKnownFileType = wrapper.framework; name = CoreGraphics.framework; path = System/Library/Frameworks/CoreGraphics.framework; sourceTree = SDKROOT; };
		2429E8AF14F43E10009662F3 /* WisercatApp-Info.plist */ = {isa = PBXFileReference; lastKnownFileType = text.plist.xml; path = "WisercatApp-Info.plist"; sourceTree = "<group>"; };
		2429E8B114F43E10009662F3 /* en */ = {isa = PBXFileReference; lastKnownFileType = text.plist.strings; name = en; path = en.lproj/InfoPlist.strings; sourceTree = "<group>"; };
		2429E8B314F43E10009662F3 /* main.m */ = {isa = PBXFileReference; lastKnownFileType = sourcecode.c.objc; path = main.m; sourceTree = "<group>"; };
		2429E8B514F43E10009662F3 /* WisercatApp-Prefix.pch */ = {isa = PBXFileReference; lastKnownFileType = sourcecode.c.h; path = "WisercatApp-Prefix.pch"; sourceTree = "<group>"; };
		2429E8B614F43E10009662F3 /* WisercatAppDelegate.h */ = {isa = PBXFileReference; lastKnownFileType = sourcecode.c.h; path = WisercatAppDelegate.h; sourceTree = "<group>"; };
		2429E8B714F43E10009662F3 /* WisercatAppDelegate.m */ = {isa = PBXFileReference; lastKnownFileType = sourcecode.c.objc; path = WisercatAppDelegate.m; sourceTree = "<group>"; };
		2429E8BA14F43E10009662F3 /* en */ = {isa = PBXFileReference; lastKnownFileType = file.storyboard; name = en; path = en.lproj/MainStoryboard.storyboard; sourceTree = "<group>"; };
		2429E8BC14F43E10009662F3 /* WisercatViewController.h */ = {isa = PBXFileReference; lastKnownFileType = sourcecode.c.h; path = WisercatViewController.h; sourceTree = "<group>"; };
		2429E8BD14F43E10009662F3 /* WisercatViewController.m */ = {isa = PBXFileReference; lastKnownFileType = sourcecode.c.objc; path = WisercatViewController.m; sourceTree = "<group>"; };
		2429E8C414F43E10009662F3 /* WisercatAppTests.octest */ = {isa = PBXFileReference; explicitFileType = wrapper.cfbundle; includeInIndex = 0; path = WisercatAppTests.octest; sourceTree = BUILT_PRODUCTS_DIR; };
		2429E8C514F43E10009662F3 /* SenTestingKit.framework */ = {isa = PBXFileReference; lastKnownFileType = wrapper.framework; name = SenTestingKit.framework; path = Library/Frameworks/SenTestingKit.framework; sourceTree = DEVELOPER_DIR; };
		2429E8CD14F43E10009662F3 /* WisercatAppTests-Info.plist */ = {isa = PBXFileReference; lastKnownFileType = text.plist.xml; path = "WisercatAppTests-Info.plist"; sourceTree = "<group>"; };
		2429E8CF14F43E10009662F3 /* en */ = {isa = PBXFileReference; lastKnownFileType = text.plist.strings; name = en; path = en.lproj/InfoPlist.strings; sourceTree = "<group>"; };
		2429E8D114F43E10009662F3 /* WisercatAppTests.h */ = {isa = PBXFileReference; lastKnownFileType = sourcecode.c.h; path = WisercatAppTests.h; sourceTree = "<group>"; };
		2429E8D214F43E10009662F3 /* WisercatAppTests.m */ = {isa = PBXFileReference; lastKnownFileType = sourcecode.c.objc; path = WisercatAppTests.m; sourceTree = "<group>"; };
		2429E8DC14F4402F009662F3 /* MainScreenViewController.h */ = {isa = PBXFileReference; fileEncoding = 4; lastKnownFileType = sourcecode.c.h; path = MainScreenViewController.h; sourceTree = "<group>"; };
		2429E8DD14F4402F009662F3 /* MainScreenViewController.m */ = {isa = PBXFileReference; fileEncoding = 4; lastKnownFileType = sourcecode.c.objc; path = MainScreenViewController.m; sourceTree = "<group>"; };
		2429E8E214F441A1009662F3 /* GoogleMapViewController.h */ = {isa = PBXFileReference; fileEncoding = 4; lastKnownFileType = sourcecode.c.h; path = GoogleMapViewController.h; sourceTree = "<group>"; };
		2429E8E314F441A1009662F3 /* GoogleMapViewController.m */ = {isa = PBXFileReference; fileEncoding = 4; lastKnownFileType = sourcecode.c.objc; path = GoogleMapViewController.m; sourceTree = "<group>"; };
		2429E8E514F44372009662F3 /* CoreLocation.framework */ = {isa = PBXFileReference; lastKnownFileType = wrapper.framework; name = CoreLocation.framework; path = System/Library/Frameworks/CoreLocation.framework; sourceTree = SDKROOT; };
		2429E8E714F444A2009662F3 /* MapKit.framework */ = {isa = PBXFileReference; lastKnownFileType = wrapper.framework; name = MapKit.framework; path = System/Library/Frameworks/MapKit.framework; sourceTree = SDKROOT; };
		247133C514F44BA800576686 /* MapViewAnnotaion.h */ = {isa = PBXFileReference; fileEncoding = 4; lastKnownFileType = sourcecode.c.h; path = MapViewAnnotaion.h; sourceTree = "<group>"; };
		247133C614F44BA800576686 /* MapViewAnnotaion.m */ = {isa = PBXFileReference; fileEncoding = 4; lastKnownFileType = sourcecode.c.objc; path = MapViewAnnotaion.m; sourceTree = "<group>"; };
		247F485D15024B2900D7DC4A /* SystemConfiguration.framework */ = {isa = PBXFileReference; lastKnownFileType = wrapper.framework; name = SystemConfiguration.framework; path = System/Library/Frameworks/SystemConfiguration.framework; sourceTree = SDKROOT; };
		247F48621502516F00D7DC4A /* Reachability.h */ = {isa = PBXFileReference; fileEncoding = 4; lastKnownFileType = sourcecode.c.h; path = Reachability.h; sourceTree = "<group>"; };
		247F48631502516F00D7DC4A /* Reachability.m */ = {isa = PBXFileReference; fileEncoding = 4; lastKnownFileType = sourcecode.c.objc; path = Reachability.m; sourceTree = "<group>"; };
/* End PBXFileReference section */

/* Begin PBXFrameworksBuildPhase section */
		2429E8A014F43E10009662F3 /* Frameworks */ = {
			isa = PBXFrameworksBuildPhase;
			buildActionMask = 2147483647;
			files = (
				247F486015024B3300D7DC4A /* SystemConfiguration.framework in Frameworks */,
				2429E8EA14F4457B009662F3 /* CoreLocation.framework in Frameworks */,
				2429E8E914F44572009662F3 /* MapKit.framework in Frameworks */,
				2429E8A814F43E10009662F3 /* UIKit.framework in Frameworks */,
				2429E8AA14F43E10009662F3 /* Foundation.framework in Frameworks */,
				2429E8AC14F43E10009662F3 /* CoreGraphics.framework in Frameworks */,
			);
			runOnlyForDeploymentPostprocessing = 0;
		};
		2429E8C014F43E10009662F3 /* Frameworks */ = {
			isa = PBXFrameworksBuildPhase;
			buildActionMask = 2147483647;
			files = (
				2429E8C614F43E10009662F3 /* SenTestingKit.framework in Frameworks */,
				2429E8C714F43E10009662F3 /* UIKit.framework in Frameworks */,
				2429E8C814F43E10009662F3 /* Foundation.framework in Frameworks */,
			);
			runOnlyForDeploymentPostprocessing = 0;
		};
/* End PBXFrameworksBuildPhase section */

/* Begin PBXGroup section */
		2429E89814F43E10009662F3 = {
			isa = PBXGroup;
			children = (
				2429E8AD14F43E10009662F3 /* WisercatApp */,
				2429E8CB14F43E10009662F3 /* WisercatAppTests */,
				2429E8A614F43E10009662F3 /* Frameworks */,
				2429E8A414F43E10009662F3 /* Products */,
			);
			sourceTree = "<group>";
		};
		2429E8A414F43E10009662F3 /* Products */ = {
			isa = PBXGroup;
			children = (
				2429E8A314F43E10009662F3 /* WisercatApp.app */,
				2429E8C414F43E10009662F3 /* WisercatAppTests.octest */,
			);
			name = Products;
			sourceTree = "<group>";
		};
		2429E8A614F43E10009662F3 /* Frameworks */ = {
			isa = PBXGroup;
			children = (
				247F485D15024B2900D7DC4A /* SystemConfiguration.framework */,
				2429E8E714F444A2009662F3 /* MapKit.framework */,
				2429E8E514F44372009662F3 /* CoreLocation.framework */,
				2429E8A714F43E10009662F3 /* UIKit.framework */,
				2429E8A914F43E10009662F3 /* Foundation.framework */,
				2429E8AB14F43E10009662F3 /* CoreGraphics.framework */,
				2429E8C514F43E10009662F3 /* SenTestingKit.framework */,
			);
			name = Frameworks;
			sourceTree = "<group>";
		};
		2429E8AD14F43E10009662F3 /* WisercatApp */ = {
			isa = PBXGroup;
			children = (
				247F48611502514900D7DC4A /* Helper Classes */,
				247133C914F44BAB00576686 /* Objects */,
				2429E8E114F4406E009662F3 /* DelegateAndSettings */,
				2429E8E014F4404A009662F3 /* Views */,
				2429E8DF14F44034009662F3 /* View Controllers */,
				2429E8AE14F43E10009662F3 /* Supporting Files */,
			);
			path = WisercatApp;
			sourceTree = "<group>";
		};
		2429E8AE14F43E10009662F3 /* Supporting Files */ = {
			isa = PBXGroup;
			children = (
				2429E8AF14F43E10009662F3 /* WisercatApp-Info.plist */,
				2429E8B014F43E10009662F3 /* InfoPlist.strings */,
				2429E8B314F43E10009662F3 /* main.m */,
				2429E8B514F43E10009662F3 /* WisercatApp-Prefix.pch */,
			);
			name = "Supporting Files";
			sourceTree = "<group>";
		};
		2429E8CB14F43E10009662F3 /* WisercatAppTests */ = {
			isa = PBXGroup;
			children = (
				2429E8D114F43E10009662F3 /* WisercatAppTests.h */,
				2429E8D214F43E10009662F3 /* WisercatAppTests.m */,
				2429E8CC14F43E10009662F3 /* Supporting Files */,
			);
			path = WisercatAppTests;
			sourceTree = "<group>";
		};
		2429E8CC14F43E10009662F3 /* Supporting Files */ = {
			isa = PBXGroup;
			children = (
				2429E8CD14F43E10009662F3 /* WisercatAppTests-Info.plist */,
				2429E8CE14F43E10009662F3 /* InfoPlist.strings */,
			);
			name = "Supporting Files";
			sourceTree = "<group>";
		};
		2429E8DF14F44034009662F3 /* View Controllers */ = {
			isa = PBXGroup;
			children = (
				2429E8BC14F43E10009662F3 /* WisercatViewController.h */,
				2429E8BD14F43E10009662F3 /* WisercatViewController.m */,
				2429E8DC14F4402F009662F3 /* MainScreenViewController.h */,
				2429E8DD14F4402F009662F3 /* MainScreenViewController.m */,
				2429E8E214F441A1009662F3 /* GoogleMapViewController.h */,
				2429E8E314F441A1009662F3 /* GoogleMapViewController.m */,
			);
			name = "View Controllers";
			sourceTree = "<group>";
		};
		2429E8E014F4404A009662F3 /* Views */ = {
			isa = PBXGroup;
			children = (
				2429E8B914F43E10009662F3 /* MainStoryboard.storyboard */,
			);
			name = Views;
			sourceTree = "<group>";
		};
		2429E8E114F4406E009662F3 /* DelegateAndSettings */ = {
			isa = PBXGroup;
			children = (
				2429E8B614F43E10009662F3 /* WisercatAppDelegate.h */,
				2429E8B714F43E10009662F3 /* WisercatAppDelegate.m */,
			);
			name = DelegateAndSettings;
			sourceTree = "<group>";
		};
		247133C914F44BAB00576686 /* Objects */ = {
			isa = PBXGroup;
			children = (
				247133C514F44BA800576686 /* MapViewAnnotaion.h */,
				247133C614F44BA800576686 /* MapViewAnnotaion.m */,
			);
			name = Objects;
			sourceTree = "<group>";
		};
		247F48611502514900D7DC4A /* Helper Classes */ = {
			isa = PBXGroup;
			children = (
				247F48621502516F00D7DC4A /* Reachability.h */,
				247F48631502516F00D7DC4A /* Reachability.m */,
			);
			name = "Helper Classes";
			sourceTree = "<group>";
		};
/* End PBXGroup section */

/* Begin PBXNativeTarget section */
		2429E8A214F43E10009662F3 /* WisercatApp */ = {
			isa = PBXNativeTarget;
			buildConfigurationList = 2429E8D614F43E10009662F3 /* Build configuration list for PBXNativeTarget "WisercatApp" */;
			buildPhases = (
				2429E89F14F43E10009662F3 /* Sources */,
				2429E8A014F43E10009662F3 /* Frameworks */,
				2429E8A114F43E10009662F3 /* Resources */,
			);
			buildRules = (
			);
			dependencies = (
			);
			name = WisercatApp;
			productName = WisercatApp;
			productReference = 2429E8A314F43E10009662F3 /* WisercatApp.app */;
			productType = "com.apple.product-type.application";
		};
		2429E8C314F43E10009662F3 /* WisercatAppTests */ = {
			isa = PBXNativeTarget;
			buildConfigurationList = 2429E8D914F43E10009662F3 /* Build configuration list for PBXNativeTarget "WisercatAppTests" */;
			buildPhases = (
				2429E8BF14F43E10009662F3 /* Sources */,
				2429E8C014F43E10009662F3 /* Frameworks */,
				2429E8C114F43E10009662F3 /* Resources */,
				2429E8C214F43E10009662F3 /* ShellScript */,
			);
			buildRules = (
			);
			dependencies = (
				2429E8CA14F43E10009662F3 /* PBXTargetDependency */,
			);
			name = WisercatAppTests;
			productName = WisercatAppTests;
			productReference = 2429E8C414F43E10009662F3 /* WisercatAppTests.octest */;
			productType = "com.apple.product-type.bundle";
		};
/* End PBXNativeTarget section */

/* Begin PBXProject section */
		2429E89A14F43E10009662F3 /* Project object */ = {
			isa = PBXProject;
			attributes = {
				LastUpgradeCheck = 0430;
				ORGANIZATIONNAME = TTU;
			};
			buildConfigurationList = 2429E89D14F43E10009662F3 /* Build configuration list for PBXProject "WisercatApp" */;
			compatibilityVersion = "Xcode 3.2";
			developmentRegion = English;
			hasScannedForEncodings = 0;
			knownRegions = (
				en,
			);
			mainGroup = 2429E89814F43E10009662F3;
			productRefGroup = 2429E8A414F43E10009662F3 /* Products */;
			projectDirPath = "";
			projectRoot = "";
			targets = (
				2429E8A214F43E10009662F3 /* WisercatApp */,
				2429E8C314F43E10009662F3 /* WisercatAppTests */,
			);
		};
/* End PBXProject section */

/* Begin PBXResourcesBuildPhase section */
		2429E8A114F43E10009662F3 /* Resources */ = {
			isa = PBXResourcesBuildPhase;
			buildActionMask = 2147483647;
			files = (
				2429E8B214F43E10009662F3 /* InfoPlist.strings in Resources */,
				2429E8BB14F43E10009662F3 /* MainStoryboard.storyboard in Resources */,
			);
			runOnlyForDeploymentPostprocessing = 0;
		};
		2429E8C114F43E10009662F3 /* Resources */ = {
			isa = PBXResourcesBuildPhase;
			buildActionMask = 2147483647;
			files = (
				2429E8D014F43E10009662F3 /* InfoPlist.strings in Resources */,
			);
			runOnlyForDeploymentPostprocessing = 0;
		};
/* End PBXResourcesBuildPhase section */

/* Begin PBXShellScriptBuildPhase section */
		2429E8C214F43E10009662F3 /* ShellScript */ = {
			isa = PBXShellScriptBuildPhase;
			buildActionMask = 2147483647;
			files = (
			);
			inputPaths = (
			);
			outputPaths = (
			);
			runOnlyForDeploymentPostprocessing = 0;
			shellPath = /bin/sh;
			shellScript = "# Run the unit tests in this test bundle.\n\"${SYSTEM_DEVELOPER_DIR}/Tools/RunUnitTests\"\n";
		};
/* End PBXShellScriptBuildPhase section */

/* Begin PBXSourcesBuildPhase section */
		2429E89F14F43E10009662F3 /* Sources */ = {
			isa = PBXSourcesBuildPhase;
			buildActionMask = 2147483647;
			files = (
				2429E8B414F43E10009662F3 /* main.m in Sources */,
				2429E8B814F43E10009662F3 /* WisercatAppDelegate.m in Sources */,
				2429E8BE14F43E10009662F3 /* WisercatViewController.m in Sources */,
				2429E8DE14F4402F009662F3 /* MainScreenViewController.m in Sources */,
				2429E8E414F441A1009662F3 /* GoogleMapViewController.m in Sources */,
				247133C714F44BA800576686 /* MapViewAnnotaion.m in Sources */,
				247F48641502516F00D7DC4A /* Reachability.m in Sources */,
			);
			runOnlyForDeploymentPostprocessing = 0;
		};
		2429E8BF14F43E10009662F3 /* Sources */ = {
			isa = PBXSourcesBuildPhase;
			buildActionMask = 2147483647;
			files = (
				2429E8D314F43E10009662F3 /* WisercatAppTests.m in Sources */,
			);
			runOnlyForDeploymentPostprocessing = 0;
		};
/* End PBXSourcesBuildPhase section */

/* Begin PBXTargetDependency section */
		2429E8CA14F43E10009662F3 /* PBXTargetDependency */ = {
			isa = PBXTargetDependency;
			target = 2429E8A214F43E10009662F3 /* WisercatApp */;
			targetProxy = 2429E8C914F43E10009662F3 /* PBXContainerItemProxy */;
		};
/* End PBXTargetDependency section */

/* Begin PBXVariantGroup section */
		2429E8B014F43E10009662F3 /* InfoPlist.strings */ = {
			isa = PBXVariantGroup;
			children = (
				2429E8B114F43E10009662F3 /* en */,
			);
			name = InfoPlist.strings;
			sourceTree = "<group>";
		};
		2429E8B914F43E10009662F3 /* MainStoryboard.storyboard */ = {
			isa = PBXVariantGroup;
			children = (
				2429E8BA14F43E10009662F3 /* en */,
			);
			name = MainStoryboard.storyboard;
			sourceTree = "<group>";
		};
		2429E8CE14F43E10009662F3 /* InfoPlist.strings */ = {
			isa = PBXVariantGroup;
			children = (
				2429E8CF14F43E10009662F3 /* en */,
			);
			name = InfoPlist.strings;
			sourceTree = "<group>";
		};
/* End PBXVariantGroup section */

/* Begin XCBuildConfiguration section */
		2429E8D414F43E10009662F3 /* Debug */ = {
			isa = XCBuildConfiguration;
			buildSettings = {
				ALWAYS_SEARCH_USER_PATHS = NO;
				ARCHS = "$(ARCHS_STANDARD_32_BIT)";
				CLANG_ENABLE_OBJC_ARC = YES;
				CODE_SIGN_IDENTITY = "iPhone Developer: Dmitry Preobrazhenskiy (2FDGRCT5FY)";
				"CODE_SIGN_IDENTITY[sdk=iphoneos*]" = "iPhone Developer: Dmitry Preobrazhenskiy (2FDGRCT5FY)";
				COPY_PHASE_STRIP = NO;
				GCC_C_LANGUAGE_STANDARD = gnu99;
				GCC_DYNAMIC_NO_PIC = NO;
				GCC_OPTIMIZATION_LEVEL = 0;
				GCC_PREPROCESSOR_DEFINITIONS = (
					"DEBUG=1",
					"$(inherited)",
				);
				GCC_SYMBOLS_PRIVATE_EXTERN = NO;
				GCC_VERSION = com.apple.compilers.llvm.clang.1_0;
				GCC_WARN_ABOUT_MISSING_PROTOTYPES = YES;
				GCC_WARN_ABOUT_RETURN_TYPE = YES;
				GCC_WARN_UNUSED_VARIABLE = YES;
				IPHONEOS_DEPLOYMENT_TARGET = 5.0;
				PROVISIONING_PROFILE = "E21DF007-89DD-4A16-A85D-348BC7AE2CA2";
				"PROVISIONING_PROFILE[sdk=iphoneos*]" = "E21DF007-89DD-4A16-A85D-348BC7AE2CA2";
				SDKROOT = iphoneos;
			};
			name = Debug;
		};
		2429E8D514F43E10009662F3 /* Release */ = {
			isa = XCBuildConfiguration;
			buildSettings = {
				ALWAYS_SEARCH_USER_PATHS = NO;
				ARCHS = "$(ARCHS_STANDARD_32_BIT)";
				CLANG_ENABLE_OBJC_ARC = YES;
				CODE_SIGN_IDENTITY = "iPhone Developer: Dmitry Preobrazhenskiy (2FDGRCT5FY)";
				"CODE_SIGN_IDENTITY[sdk=iphoneos*]" = "iPhone Developer: Dmitry Preobrazhenskiy (2FDGRCT5FY)";
				COPY_PHASE_STRIP = YES;
				GCC_C_LANGUAGE_STANDARD = gnu99;
				GCC_VERSION = com.apple.compilers.llvm.clang.1_0;
				GCC_WARN_ABOUT_MISSING_PROTOTYPES = YES;
				GCC_WARN_ABOUT_RETURN_TYPE = YES;
				GCC_WARN_UNUSED_VARIABLE = YES;
				IPHONEOS_DEPLOYMENT_TARGET = 5.0;
				OTHER_CFLAGS = "-DNS_BLOCK_ASSERTIONS=1";
				PROVISIONING_PROFILE = "E21DF007-89DD-4A16-A85D-348BC7AE2CA2";
				"PROVISIONING_PROFILE[sdk=iphoneos*]" = "E21DF007-89DD-4A16-A85D-348BC7AE2CA2";
				SDKROOT = iphoneos;
				VALIDATE_PRODUCT = YES;
			};
			name = Release;
		};
		2429E8D714F43E10009662F3 /* Debug */ = {
			isa = XCBuildConfiguration;
			buildSettings = {
				CODE_SIGN_IDENTITY = "iPhone Developer: Dmitry Preobrazhenskiy (2FDGRCT5FY)";
				"CODE_SIGN_IDENTITY[sdk=iphoneos*]" = "iPhone Developer: Dmitry Preobrazhenskiy (2FDGRCT5FY)";
				GCC_PRECOMPILE_PREFIX_HEADER = YES;
				GCC_PREFIX_HEADER = "WisercatApp/WisercatApp-Prefix.pch";
				INFOPLIST_FILE = "WisercatApp/WisercatApp-Info.plist";
				PRODUCT_NAME = "$(TARGET_NAME)";
				PROVISIONING_PROFILE = "E21DF007-89DD-4A16-A85D-348BC7AE2CA2";
				"PROVISIONING_PROFILE[sdk=iphoneos*]" = "E21DF007-89DD-4A16-A85D-348BC7AE2CA2";
				WRAPPER_EXTENSION = app;
			};
			name = Debug;
		};
		2429E8D814F43E10009662F3 /* Release */ = {
			isa = XCBuildConfiguration;
			buildSettings = {
				CODE_SIGN_IDENTITY = "iPhone Developer: Dmitry Preobrazhenskiy (2FDGRCT5FY)";
				"CODE_SIGN_IDENTITY[sdk=iphoneos*]" = "iPhone Developer: Dmitry Preobrazhenskiy (2FDGRCT5FY)";
				GCC_PRECOMPILE_PREFIX_HEADER = YES;
				GCC_PREFIX_HEADER = "WisercatApp/WisercatApp-Prefix.pch";
				INFOPLIST_FILE = "WisercatApp/WisercatApp-Info.plist";
				PRODUCT_NAME = "$(TARGET_NAME)";
				PROVISIONING_PROFILE = "E21DF007-89DD-4A16-A85D-348BC7AE2CA2";
				"PROVISIONING_PROFILE[sdk=iphoneos*]" = "E21DF007-89DD-4A16-A85D-348BC7AE2CA2";
				WRAPPER_EXTENSION = app;
			};
			name = Release;
		};
		2429E8DA14F43E10009662F3 /* Debug */ = {
			isa = XCBuildConfiguration;
			buildSettings = {
				BUNDLE_LOADER = "$(BUILT_PRODUCTS_DIR)/WisercatApp.app/WisercatApp";
				FRAMEWORK_SEARCH_PATHS = (
					"$(SDKROOT)/Developer/Library/Frameworks",
					"$(DEVELOPER_LIBRARY_DIR)/Frameworks",
				);
				GCC_PRECOMPILE_PREFIX_HEADER = YES;
				GCC_PREFIX_HEADER = "WisercatApp/WisercatApp-Prefix.pch";
				INFOPLIST_FILE = "WisercatAppTests/WisercatAppTests-Info.plist";
				PRODUCT_NAME = "$(TARGET_NAME)";
				TEST_HOST = "$(BUNDLE_LOADER)";
				WRAPPER_EXTENSION = octest;
			};
			name = Debug;
		};
		2429E8DB14F43E10009662F3 /* Release */ = {
			isa = XCBuildConfiguration;
			buildSettings = {
				BUNDLE_LOADER = "$(BUILT_PRODUCTS_DIR)/WisercatApp.app/WisercatApp";
				FRAMEWORK_SEARCH_PATHS = (
					"$(SDKROOT)/Developer/Library/Frameworks",
					"$(DEVELOPER_LIBRARY_DIR)/Frameworks",
				);
				GCC_PRECOMPILE_PREFIX_HEADER = YES;
				GCC_PREFIX_HEADER = "WisercatApp/WisercatApp-Prefix.pch";
				INFOPLIST_FILE = "WisercatAppTests/WisercatAppTests-Info.plist";
				PRODUCT_NAME = "$(TARGET_NAME)";
				TEST_HOST = "$(BUNDLE_LOADER)";
				WRAPPER_EXTENSION = octest;
			};
			name = Release;
		};
/* End XCBuildConfiguration section */

/* Begin XCConfigurationList section */
		2429E89D14F43E10009662F3 /* Build configuration list for PBXProject "WisercatApp" */ = {
			isa = XCConfigurationList;
			buildConfigurations = (
				2429E8D414F43E10009662F3 /* Debug */,
				2429E8D514F43E10009662F3 /* Release */,
			);
			defaultConfigurationIsVisible = 0;
			defaultConfigurationName = Release;
		};
		2429E8D614F43E10009662F3 /* Build configuration list for PBXNativeTarget "WisercatApp" */ = {
			isa = XCConfigurationList;
			buildConfigurations = (
				2429E8D714F43E10009662F3 /* Debug */,
				2429E8D814F43E10009662F3 /* Release */,
			);
			defaultConfigurationIsVisible = 0;
			defaultConfigurationName = Release;
		};
		2429E8D914F43E10009662F3 /* Build configuration list for PBXNativeTarget "WisercatAppTests" */ = {
			isa = XCConfigurationList;
			buildConfigurations = (
				2429E8DA14F43E10009662F3 /* Debug */,
				2429E8DB14F43E10009662F3 /* Release */,
			);
			defaultConfigurationIsVisible = 0;
			defaultConfigurationName = Release;
		};
/* End XCConfigurationList section */
	};
	rootObject = 2429E89A14F43E10009662F3 /* Project object */;
}
